// !$*UTF8*$!
{
	archiveVersion = 1;
	classes = {
	};
	objectVersion = 46;
	objects = {

/* Begin PBXBuildFile section */
		9BA882A21EB0B44B00C8A972 /* AppDelegate.swift in Sources */ = {isa = PBXBuildFile; fileRef = 9BA882A11EB0B44B00C8A972 /* AppDelegate.swift */; };
		9BA882A41EB0B44B00C8A972 /* VDSAnimatorController.swift in Sources */ = {isa = PBXBuildFile; fileRef = 9BA882A31EB0B44B00C8A972 /* VDSAnimatorController.swift */; };
		9BA882A71EB0B44B00C8A972 /* Main.storyboard in Resources */ = {isa = PBXBuildFile; fileRef = 9BA882A51EB0B44B00C8A972 /* Main.storyboard */; };
		9BA882A91EB0B44B00C8A972 /* Assets.xcassets in Resources */ = {isa = PBXBuildFile; fileRef = 9BA882A81EB0B44B00C8A972 /* Assets.xcassets */; };
		9BA882AC1EB0B44B00C8A972 /* LaunchScreen.storyboard in Resources */ = {isa = PBXBuildFile; fileRef = 9BA882AA1EB0B44B00C8A972 /* LaunchScreen.storyboard */; };
		9BA882B41EB0B46A00C8A972 /* VDSAnimator.swift in Sources */ = {isa = PBXBuildFile; fileRef = 9BA882B31EB0B46A00C8A972 /* VDSAnimator.swift */; };
		9BA882B61EB0BD0D00C8A972 /* VDSFallingObjectBehaviour.swift in Sources */ = {isa = PBXBuildFile; fileRef = 9BA882B51EB0BD0D00C8A972 /* VDSFallingObjectBehaviour.swift */; };
/* End PBXBuildFile section */

/* Begin PBXFileReference section */
		9BA8829E1EB0B44B00C8A972 /* CreateAnimator.app */ = {isa = PBXFileReference; explicitFileType = wrapper.application; includeInIndex = 0; path = CreateAnimator.app; sourceTree = BUILT_PRODUCTS_DIR; };
		9BA882A11EB0B44B00C8A972 /* AppDelegate.swift */ = {isa = PBXFileReference; lastKnownFileType = sourcecode.swift; path = AppDelegate.swift; sourceTree = "<group>"; };
		9BA882A31EB0B44B00C8A972 /* VDSAnimatorController.swift */ = {isa = PBXFileReference; lastKnownFileType = sourcecode.swift; path = VDSAnimatorController.swift; sourceTree = "<group>"; };
		9BA882A61EB0B44B00C8A972 /* Base */ = {isa = PBXFileReference; lastKnownFileType = file.storyboard; name = Base; path = Base.lproj/Main.storyboard; sourceTree = "<group>"; };
		9BA882A81EB0B44B00C8A972 /* Assets.xcassets */ = {isa = PBXFileReference; lastKnownFileType = folder.assetcatalog; path = Assets.xcassets; sourceTree = "<group>"; };
		9BA882AB1EB0B44B00C8A972 /* Base */ = {isa = PBXFileReference; lastKnownFileType = file.storyboard; name = Base; path = Base.lproj/LaunchScreen.storyboard; sourceTree = "<group>"; };
		9BA882AD1EB0B44B00C8A972 /* Info.plist */ = {isa = PBXFileReference; lastKnownFileType = text.plist.xml; path = Info.plist; sourceTree = "<group>"; };
		9BA882B31EB0B46A00C8A972 /* VDSAnimator.swift */ = {isa = PBXFileReference; fileEncoding = 4; lastKnownFileType = sourcecode.swift; path = VDSAnimator.swift; sourceTree = "<group>"; };
		9BA882B51EB0BD0D00C8A972 /* VDSFallingObjectBehaviour.swift */ = {isa = PBXFileReference; fileEncoding = 4; lastKnownFileType = sourcecode.swift; path = VDSFallingObjectBehaviour.swift; sourceTree = "<group>"; };
/* End PBXFileReference section */

/* Begin PBXFrameworksBuildPhase section */
		9BA8829B1EB0B44B00C8A972 /* Frameworks */ = {
			isa = PBXFrameworksBuildPhase;
			buildActionMask = 2147483647;
			files = (
			);
			runOnlyForDeploymentPostprocessing = 0;
		};
/* End PBXFrameworksBuildPhase section */

/* Begin PBXGroup section */
		9BA882951EB0B44B00C8A972 = {
			isa = PBXGroup;
			children = (
				9BA882A01EB0B44B00C8A972 /* CreateAnimator */,
				9BA8829F1EB0B44B00C8A972 /* Products */,
			);
			sourceTree = "<group>";
		};
		9BA8829F1EB0B44B00C8A972 /* Products */ = {
			isa = PBXGroup;
			children = (
				9BA8829E1EB0B44B00C8A972 /* CreateAnimator.app */,
			);
			name = Products;
			sourceTree = "<group>";
		};
		9BA882A01EB0B44B00C8A972 /* CreateAnimator */ = {
			isa = PBXGroup;
			children = (
				9BA882A11EB0B44B00C8A972 /* AppDelegate.swift */,
				9BA882A31EB0B44B00C8A972 /* VDSAnimatorController.swift */,
				9BA882A51EB0B44B00C8A972 /* Main.storyboard */,
				9BA882B31EB0B46A00C8A972 /* VDSAnimator.swift */,
				9BA882B51EB0BD0D00C8A972 /* VDSFallingObjectBehaviour.swift */,
				9BA882A81EB0B44B00C8A972 /* Assets.xcassets */,
				9BA882AA1EB0B44B00C8A972 /* LaunchScreen.storyboard */,
				9BA882AD1EB0B44B00C8A972 /* Info.plist */,
			);
			path = CreateAnimator;
			sourceTree = "<group>";
		};
/* End PBXGroup section */

/* Begin PBXNativeTarget section */
		9BA8829D1EB0B44B00C8A972 /* CreateAnimator */ = {
			isa = PBXNativeTarget;
			buildConfigurationList = 9BA882B01EB0B44B00C8A972 /* Build configuration list for PBXNativeTarget "CreateAnimator" */;
			buildPhases = (
				9BA8829A1EB0B44B00C8A972 /* Sources */,
				9BA8829B1EB0B44B00C8A972 /* Frameworks */,
				9BA8829C1EB0B44B00C8A972 /* Resources */,
			);
			buildRules = (
			);
			dependencies = (
			);
			name = CreateAnimator;
			productName = CreateAnimator;
			productReference = 9BA8829E1EB0B44B00C8A972 /* CreateAnimator.app */;
			productType = "com.apple.product-type.application";
		};
/* End PBXNativeTarget section */

/* Begin PBXProject section */
		9BA882961EB0B44B00C8A972 /* Project object */ = {
			isa = PBXProject;
			attributes = {
				LastSwiftUpdateCheck = 0730;
				LastUpgradeCheck = 0730;
				ORGANIZATIONNAME = SRISTI;
				TargetAttributes = {
					9BA8829D1EB0B44B00C8A972 = {
						CreatedOnToolsVersion = 7.3;
						LastSwiftMigration = 0830;
					};
				};
			};
			buildConfigurationList = 9BA882991EB0B44B00C8A972 /* Build configuration list for PBXProject "CreateAnimator" */;
			compatibilityVersion = "Xcode 3.2";
			developmentRegion = English;
			hasScannedForEncodings = 0;
			knownRegions = (
				en,
				Base,
			);
			mainGroup = 9BA882951EB0B44B00C8A972;
			productRefGroup = 9BA8829F1EB0B44B00C8A972 /* Products */;
			projectDirPath = "";
			projectRoot = "";
			targets = (
				9BA8829D1EB0B44B00C8A972 /* CreateAnimator */,
			);
		};
/* End PBXProject section */

/* Begin PBXResourcesBuildPhase section */
		9BA8829C1EB0B44B00C8A972 /* Resources */ = {
			isa = PBXResourcesBuildPhase;
			buildActionMask = 2147483647;
			files = (
				9BA882AC1EB0B44B00C8A972 /* LaunchScreen.storyboard in Resources */,
				9BA882A91EB0B44B00C8A972 /* Assets.xcassets in Resources */,
				9BA882A71EB0B44B00C8A972 /* Main.storyboard in Resources */,
			);
			runOnlyForDeploymentPostprocessing = 0;
		};
/* End PBXResourcesBuildPhase section */

/* Begin PBXSourcesBuildPhase section */
		9BA8829A1EB0B44B00C8A972 /* Sources */ = {
			isa = PBXSourcesBuildPhase;
			buildActionMask = 2147483647;
			files = (
				9BA882B61EB0BD0D00C8A972 /* VDSFallingObjectBehaviour.swift in Sources */,
				9BA882B41EB0B46A00C8A972 /* VDSAnimator.swift in Sources */,
				9BA882A41EB0B44B00C8A972 /* VDSAnimatorController.swift in Sources */,
				9BA882A21EB0B44B00C8A972 /* AppDelegate.swift in Sources */,
			);
			runOnlyForDeploymentPostprocessing = 0;
		};
/* End PBXSourcesBuildPhase section */

/* Begin PBXVariantGroup section */
		9BA882A51EB0B44B00C8A972 /* Main.storyboard */ = {
			isa = PBXVariantGroup;
			children = (
				9BA882A61EB0B44B00C8A972 /* Base */,
			);
			name = Main.storyboard;
			sourceTree = "<group>";
		};
		9BA882AA1EB0B44B00C8A972 /* LaunchScreen.storyboard */ = {
			isa = PBXVariantGroup;
			children = (
				9BA882AB1EB0B44B00C8A972 /* Base */,
			);
			name = LaunchScreen.storyboard;
			sourceTree = "<group>";
		};
/* End PBXVariantGroup section */

/* Begin XCBuildConfiguration section */
		9BA882AE1EB0B44B00C8A972 /* Debug */ = {
			isa = XCBuildConfiguration;
			buildSettings = {
				ALWAYS_SEARCH_USER_PATHS = NO;
				CLANG_ANALYZER_NONNULL = YES;
				CLANG_CXX_LANGUAGE_STANDARD = "gnu++0x";
				CLANG_CXX_LIBRARY = "libc++";
				CLANG_ENABLE_MODULES = YES;
				CLANG_ENABLE_OBJC_ARC = YES;
				CLANG_WARN_BOOL_CONVERSION = YES;
				CLANG_WARN_CONSTANT_CONVERSION = YES;
				CLANG_WARN_DIRECT_OBJC_ISA_USAGE = YES_ERROR;
				CLANG_WARN_EMPTY_BODY = YES;
				CLANG_WARN_ENUM_CONVERSION = YES;
				CLANG_WARN_INT_CONVERSION = YES;
				CLANG_WARN_OBJC_ROOT_CLASS = YES_ERROR;
				CLANG_WARN_UNREACHABLE_CODE = YES;
				CLANG_WARN__DUPLICATE_METHOD_MATCH = YES;
				"CODE_SIGN_IDENTITY[sdk=iphoneos*]" = "iPhone Developer";
				COPY_PHASE_STRIP = NO;
				DEBUG_INFORMATION_FORMAT = dwarf;
				ENABLE_STRICT_OBJC_MSGSEND = YES;
				ENABLE_TESTABILITY = YES;
				GCC_C_LANGUAGE_STANDARD = gnu99;
				GCC_DYNAMIC_NO_PIC = NO;
				GCC_NO_COMMON_BLOCKS = YES;
				GCC_OPTIMIZATION_LEVEL = 0;
				GCC_PREPROCESSOR_DEFINITIONS = (
					"DEBUG=1",
					"$(inherited)",
				);
				GCC_WARN_64_TO_32_BIT_CONVERSION = YES;
				GCC_WARN_ABOUT_RETURN_TYPE = YES_ERROR;
				GCC_WARN_UNDECLARED_SELECTOR = YES;
				GCC_WARN_UNINITIALIZED_AUTOS = YES_AGGRESSIVE;
				GCC_WARN_UNUSED_FUNCTION = YES;
				GCC_WARN_UNUSED_VARIABLE = YES;
				IPHONEOS_DEPLOYMENT_TARGET = 9.3;
				MTL_ENABLE_DEBUG_INFO = YES;
				ONLY_ACTIVE_ARCH = YES;
				SDKROOT = iphoneos;
				SWIFT_OPTIMIZATION_LEVEL = "-Onone";
			};
			name = Debug;
		};
		9BA882AF1EB0B44B00C8A972 /* Release */ = {
			isa = XCBuildConfiguration;
			buildSettings = {
				ALWAYS_SEARCH_USER_PATHS = NO;
				CLANG_ANALYZER_NONNULL = YES;
				CLANG_CXX_LANGUAGE_STANDARD = "gnu++0x";
				CLANG_CXX_LIBRARY = "libc++";
				CLANG_ENABLE_MODULES = YES;
				CLANG_ENABLE_OBJC_ARC = YES;
				CLANG_WARN_BOOL_CONVERSION = YES;
				CLANG_WARN_CONSTANT_CONVERSION = YES;
				CLANG_WARN_DIRECT_OBJC_ISA_USAGE = YES_ERROR;
				CLANG_WARN_EMPTY_BODY = YES;
				CLANG_WARN_ENUM_CONVERSION = YES;
				CLANG_WARN_INT_CONVERSION = YES;
				CLANG_WARN_OBJC_ROOT_CLASS = YES_ERROR;
				CLANG_WARN_UNREACHABLE_CODE = YES;
				CLANG_WARN__DUPLICATE_METHOD_MATCH = YES;
				"CODE_SIGN_IDENTITY[sdk=iphoneos*]" = "iPhone Developer";
				COPY_PHASE_STRIP = NO;
				DEBUG_INFORMATION_FORMAT = "dwarf-with-dsym";
				ENABLE_NS_ASSERTIONS = NO;
				ENABLE_STRICT_OBJC_MSGSEND = YES;
				GCC_C_LANGUAGE_STANDARD = gnu99;
				GCC_NO_COMMON_BLOCKS = YES;
				GCC_WARN_64_TO_32_BIT_CONVERSION = YES;
				GCC_WARN_ABOUT_RETURN_TYPE = YES_ERROR;
				GCC_WARN_UNDECLARED_SELECTOR = YES;
				GCC_WARN_UNINITIALIZED_AUTOS = YES_AGGRESSIVE;
				GCC_WARN_UNUSED_FUNCTION = YES;
				GCC_WARN_UNUSED_VARIABLE = YES;
				IPHONEOS_DEPLOYMENT_TARGET = 9.3;
				MTL_ENABLE_DEBUG_INFO = NO;
				SDKROOT = iphoneos;
				VALIDATE_PRODUCT = YES;
			};
			name = Release;
		};
		9BA882B11EB0B44B00C8A972 /* Debug */ = {
			isa = XCBuildConfiguration;
			buildSettings = {
				ASSETCATALOG_COMPILER_APPICON_NAME = AppIcon;
				INFOPLIST_FILE = CreateAnimator/Info.plist;
				LD_RUNPATH_SEARCH_PATHS = "$(inherited) @executable_path/Frameworks";
				PRODUCT_BUNDLE_IDENTIFIER = com.vimal.CreateAnimator;
				PRODUCT_NAME = "$(TARGET_NAME)";
				SWIFT_VERSION = 3.0;
			};
			name = Debug;
		};
		9BA882B21EB0B44B00C8A972 /* Release */ = {
			isa = XCBuildConfiguration;
			buildSettings = {
				ASSETCATALOG_COMPILER_APPICON_NAME = AppIcon;
				INFOPLIST_FILE = CreateAnimator/Info.plist;
				LD_RUNPATH_SEARCH_PATHS = "$(inherited) @executable_path/Frameworks";
				PRODUCT_BUNDLE_IDENTIFIER = com.vimal.CreateAnimator;
				PRODUCT_NAME = "$(TARGET_NAME)";
				SWIFT_VERSION = 3.0;
			};
			name = Release;
		};
/* End XCBuildConfiguration section */

/* Begin XCConfigurationList section */
		9BA882991EB0B44B00C8A972 /* Build configuration list for PBXProject "CreateAnimator" */ = {
			isa = XCConfigurationList;
			buildConfigurations = (
				9BA882AE1EB0B44B00C8A972 /* Debug */,
				9BA882AF1EB0B44B00C8A972 /* Release */,
			);
			defaultConfigurationIsVisible = 0;
			defaultConfigurationName = Release;
		};
		9BA882B01EB0B44B00C8A972 /* Build configuration list for PBXNativeTarget "CreateAnimator" */ = {
			isa = XCConfigurationList;
			buildConfigurations = (
				9BA882B11EB0B44B00C8A972 /* Debug */,
				9BA882B21EB0B44B00C8A972 /* Release */,
			);
			defaultConfigurationIsVisible = 0;
			defaultConfigurationName = Release;
		};
/* End XCConfigurationList section */
	};
	rootObject = 9BA882961EB0B44B00C8A972 /* Project object */;
}
